// !$*UTF8*$!
{
	archiveVersion = 1;
	classes = {
	};
	objectVersion = 46;
	objects = {

/* Begin PBXBuildFile section */
		087607591D9F50C700DC3085 /* main.m in Sources */ = {isa = PBXBuildFile; fileRef = 087607581D9F50C700DC3085 /* main.m */; };
		0876075C1D9F50C700DC3085 /* AppDelegate.m in Sources */ = {isa = PBXBuildFile; fileRef = 0876075B1D9F50C700DC3085 /* AppDelegate.m */; };
		0876075F1D9F50C700DC3085 /* ViewController.m in Sources */ = {isa = PBXBuildFile; fileRef = 0876075E1D9F50C700DC3085 /* ViewController.m */; };
		087607621D9F50C700DC3085 /* Main.storyboard in Resources */ = {isa = PBXBuildFile; fileRef = 087607601D9F50C700DC3085 /* Main.storyboard */; };
		087607641D9F50C700DC3085 /* Assets.xcassets in Resources */ = {isa = PBXBuildFile; fileRef = 087607631D9F50C700DC3085 /* Assets.xcassets */; };
		087607671D9F50C700DC3085 /* LaunchScreen.storyboard in Resources */ = {isa = PBXBuildFile; fileRef = 087607651D9F50C700DC3085 /* LaunchScreen.storyboard */; };
		087607701D9F51F200DC3085 /* OXTextView.m in Sources */ = {isa = PBXBuildFile; fileRef = 0876076F1D9F51F200DC3085 /* OXTextView.m */; };
/* End PBXBuildFile section */

/* Begin PBXFileReference section */
		087607541D9F50C700DC3085 /* PlaceHoder.app */ = {isa = PBXFileReference; explicitFileType = wrapper.application; includeInIndex = 0; path = PlaceHoder.app; sourceTree = BUILT_PRODUCTS_DIR; };
		087607581D9F50C700DC3085 /* main.m */ = {isa = PBXFileReference; lastKnownFileType = sourcecode.c.objc; path = main.m; sourceTree = "<group>"; };
		0876075A1D9F50C700DC3085 /* AppDelegate.h */ = {isa = PBXFileReference; lastKnownFileType = sourcecode.c.h; path = AppDelegate.h; sourceTree = "<group>"; };
		0876075B1D9F50C700DC3085 /* AppDelegate.m */ = {isa = PBXFileReference; lastKnownFileType = sourcecode.c.objc; path = AppDelegate.m; sourceTree = "<group>"; };
		0876075D1D9F50C700DC3085 /* ViewController.h */ = {isa = PBXFileReference; lastKnownFileType = sourcecode.c.h; path = ViewController.h; sourceTree = "<group>"; };
		0876075E1D9F50C700DC3085 /* ViewController.m */ = {isa = PBXFileReference; lastKnownFileType = sourcecode.c.objc; path = ViewController.m; sourceTree = "<group>"; };
		087607611D9F50C700DC3085 /* Base */ = {isa = PBXFileReference; lastKnownFileType = file.storyboard; name = Base; path = Base.lproj/Main.storyboard; sourceTree = "<group>"; };
		087607631D9F50C700DC3085 /* Assets.xcassets */ = {isa = PBXFileReference; lastKnownFileType = folder.assetcatalog; path = Assets.xcassets; sourceTree = "<group>"; };
		087607661D9F50C700DC3085 /* Base */ = {isa = PBXFileReference; lastKnownFileType = file.storyboard; name = Base; path = Base.lproj/LaunchScreen.storyboard; sourceTree = "<group>"; };
		087607681D9F50C700DC3085 /* Info.plist */ = {isa = PBXFileReference; lastKnownFileType = text.plist.xml; path = Info.plist; sourceTree = "<group>"; };
		0876076E1D9F51F200DC3085 /* OXTextView.h */ = {isa = PBXFileReference; fileEncoding = 4; lastKnownFileType = sourcecode.c.h; path = OXTextView.h; sourceTree = "<group>"; };
		0876076F1D9F51F200DC3085 /* OXTextView.m */ = {isa = PBXFileReference; fileEncoding = 4; lastKnownFileType = sourcecode.c.objc; path = OXTextView.m; sourceTree = "<group>"; };
/* End PBXFileReference section */

/* Begin PBXFrameworksBuildPhase section */
		087607511D9F50C700DC3085 /* Frameworks */ = {
			isa = PBXFrameworksBuildPhase;
			buildActionMask = 2147483647;
			files = (
			);
			runOnlyForDeploymentPostprocessing = 0;
		};
/* End PBXFrameworksBuildPhase section */

/* Begin PBXGroup section */
		0876074B1D9F50C700DC3085 = {
			isa = PBXGroup;
			children = (
				087607561D9F50C700DC3085 /* PlaceHoder */,
				087607551D9F50C700DC3085 /* Products */,
			);
			sourceTree = "<group>";
		};
		087607551D9F50C700DC3085 /* Products */ = {
			isa = PBXGroup;
			children = (
				087607541D9F50C700DC3085 /* PlaceHoder.app */,
			);
			name = Products;
			sourceTree = "<group>";
		};
		087607561D9F50C700DC3085 /* PlaceHoder */ = {
			isa = PBXGroup;
			children = (
				0876075A1D9F50C700DC3085 /* AppDelegate.h */,
				0876075B1D9F50C700DC3085 /* AppDelegate.m */,
				0876075D1D9F50C700DC3085 /* ViewController.h */,
				0876075E1D9F50C700DC3085 /* ViewController.m */,
				0876076E1D9F51F200DC3085 /* OXTextView.h */,
				0876076F1D9F51F200DC3085 /* OXTextView.m */,
				087607601D9F50C700DC3085 /* Main.storyboard */,
				087607631D9F50C700DC3085 /* Assets.xcassets */,
				087607651D9F50C700DC3085 /* LaunchScreen.storyboard */,
				087607681D9F50C700DC3085 /* Info.plist */,
				087607571D9F50C700DC3085 /* Supporting Files */,
			);
			path = PlaceHoder;
			sourceTree = "<group>";
		};
		087607571D9F50C700DC3085 /* Supporting Files */ = {
			isa = PBXGroup;
			children = (
				087607581D9F50C700DC3085 /* main.m */,
			);
			name = "Supporting Files";
			sourceTree = "<group>";
		};
/* End PBXGroup section */

/* Begin PBXNativeTarget section */
		087607531D9F50C700DC3085 /* PlaceHoder */ = {
			isa = PBXNativeTarget;
			buildConfigurationList = 0876076B1D9F50C700DC3085 /* Build configuration list for PBXNativeTarget "PlaceHoder" */;
			buildPhases = (
				087607501D9F50C700DC3085 /* Sources */,
				087607511D9F50C700DC3085 /* Frameworks */,
				087607521D9F50C700DC3085 /* Resources */,
			);
			buildRules = (
			);
			dependencies = (
			);
			name = PlaceHoder;
			productName = PlaceHoder;
			productReference = 087607541D9F50C700DC3085 /* PlaceHoder.app */;
			productType = "com.apple.product-type.application";
		};
/* End PBXNativeTarget section */

/* Begin PBXProject section */
		0876074C1D9F50C700DC3085 /* Project object */ = {
			isa = PBXProject;
			attributes = {
				LastUpgradeCheck = 0720;
				ORGANIZATIONNAME = hzl;
				TargetAttributes = {
					087607531D9F50C700DC3085 = {
						CreatedOnToolsVersion = 7.2.1;
						DevelopmentTeam = 8F397JG259;
					};
				};
			};
			buildConfigurationList = 0876074F1D9F50C700DC3085 /* Build configuration list for PBXProject "PlaceHoder" */;
			compatibilityVersion = "Xcode 3.2";
			developmentRegion = English;
			hasScannedForEncodings = 0;
			knownRegions = (
				en,
				Base,
			);
			mainGroup = 0876074B1D9F50C700DC3085;
			productRefGroup = 087607551D9F50C700DC3085 /* Products */;
			projectDirPath = "";
			projectRoot = "";
			targets = (
				087607531D9F50C700DC3085 /* PlaceHoder */,
			);
		};
/* End PBXProject section */

/* Begin PBXResourcesBuildPhase section */
		087607521D9F50C700DC3085 /* Resources */ = {
			isa = PBXResourcesBuildPhase;
			buildActionMask = 2147483647;
			files = (
				087607671D9F50C700DC3085 /* LaunchScreen.storyboard in Resources */,
				087607641D9F50C700DC3085 /* Assets.xcassets in Resources */,
				087607621D9F50C700DC3085 /* Main.storyboard in Resources */,
			);
			runOnlyForDeploymentPostprocessing = 0;
		};
/* End PBXResourcesBuildPhase section */

/* Begin PBXSourcesBuildPhase section */
		087607501D9F50C700DC3085 /* Sources */ = {
			isa = PBXSourcesBuildPhase;
			buildActionMask = 2147483647;
			files = (
				087607701D9F51F200DC3085 /* OXTextView.m in Sources */,
				0876075F1D9F50C700DC3085 /* ViewController.m in Sources */,
				0876075C1D9F50C700DC3085 /* AppDelegate.m in Sources */,
				087607591D9F50C700DC3085 /* main.m in Sources */,
			);
			runOnlyForDeploymentPostprocessing = 0;
		};
/* End PBXSourcesBuildPhase section */

/* Begin PBXVariantGroup section */
		087607601D9F50C700DC3085 /* Main.storyboard */ = {
			isa = PBXVariantGroup;
			children = (
				087607611D9F50C700DC3085 /* Base */,
			);
			name = Main.storyboard;
			sourceTree = "<group>";
		};
		087607651D9F50C700DC3085 /* LaunchScreen.storyboard */ = {
			isa = PBXVariantGroup;
			children = (
				087607661D9F50C700DC3085 /* Base */,
			);
			name = LaunchScreen.storyboard;
			sourceTree = "<group>";
		};
/* End PBXVariantGroup section */

/* Begin XCBuildConfiguration section */
		087607691D9F50C700DC3085 /* Debug */ = {
			isa = XCBuildConfiguration;
			buildSettings = {
				ALWAYS_SEARCH_USER_PATHS = NO;
				CLANG_CXX_LANGUAGE_STANDARD = "gnu++0x";
				CLANG_CXX_LIBRARY = "libc++";
				CLANG_ENABLE_MODULES = YES;
				CLANG_ENABLE_OBJC_ARC = YES;
				CLANG_WARN_BOOL_CONVERSION = YES;
				CLANG_WARN_CONSTANT_CONVERSION = YES;
				CLANG_WARN_DIRECT_OBJC_ISA_USAGE = YES_ERROR;
				CLANG_WARN_EMPTY_BODY = YES;
				CLANG_WARN_ENUM_CONVERSION = YES;
				CLANG_WARN_INT_CONVERSION = YES;
				CLANG_WARN_OBJC_ROOT_CLASS = YES_ERROR;
				CLANG_WARN_UNREACHABLE_CODE = YES;
				CLANG_WARN__DUPLICATE_METHOD_MATCH = YES;
				"CODE_SIGN_IDENTITY[sdk=iphoneos*]" = "iPhone Developer";
				COPY_PHASE_STRIP = NO;
				DEBUG_INFORMATION_FORMAT = dwarf;
				ENABLE_STRICT_OBJC_MSGSEND = YES;
				ENABLE_TESTABILITY = YES;
				GCC_C_LANGUAGE_STANDARD = gnu99;
				GCC_DYNAMIC_NO_PIC = NO;
				GCC_NO_COMMON_BLOCKS = YES;
				GCC_OPTIMIZATION_LEVEL = 0;
				GCC_PREPROCESSOR_DEFINITIONS = (
					"DEBUG=1",
					"$(inherited)",
				);
				GCC_WARN_64_TO_32_BIT_CONVERSION = YES;
				GCC_WARN_ABOUT_RETURN_TYPE = YES_ERROR;
				GCC_WARN_UNDECLARED_SELECTOR = YES;
				GCC_WARN_UNINITIALIZED_AUTOS = YES_AGGRESSIVE;
				GCC_WARN_UNUSED_FUNCTION = YES;
				GCC_WARN_UNUSED_VARIABLE = YES;
				IPHONEOS_DEPLOYMENT_TARGET = 9.2;
				MTL_ENABLE_DEBUG_INFO = YES;
				ONLY_ACTIVE_ARCH = YES;
				SDKROOT = iphoneos;
			};
			name = Debug;
		};
		0876076A1D9F50C700DC3085 /* Release */ = {
			isa = XCBuildConfiguration;
			buildSettings = {
				ALWAYS_SEARCH_USER_PATHS = NO;
				CLANG_CXX_LANGUAGE_STANDARD = "gnu++0x";
				CLANG_CXX_LIBRARY = "libc++";
				CLANG_ENABLE_MODULES = YES;
				CLANG_ENABLE_OBJC_ARC = YES;
				CLANG_WARN_BOOL_CONVERSION = YES;
				CLANG_WARN_CONSTANT_CONVERSION = YES;
				CLANG_WARN_DIRECT_OBJC_ISA_USAGE = YES_ERROR;
				CLANG_WARN_EMPTY_BODY = YES;
				CLANG_WARN_ENUM_CONVERSION = YES;
				CLANG_WARN_INT_CONVERSION = YES;
				CLANG_WARN_OBJC_ROOT_CLASS = YES_ERROR;
				CLANG_WARN_UNREACHABLE_CODE = YES;
				CLANG_WARN__DUPLICATE_METHOD_MATCH = YES;
				"CODE_SIGN_IDENTITY[sdk=iphoneos*]" = "iPhone Developer";
				COPY_PHASE_STRIP = NO;
				DEBUG_INFORMATION_FORMAT = "dwarf-with-dsym";
				ENABLE_NS_ASSERTIONS = NO;
				ENABLE_STRICT_OBJC_MSGSEND = YES;
				GCC_C_LANGUAGE_STANDARD = gnu99;
				GCC_NO_COMMON_BLOCKS = YES;
				GCC_WARN_64_TO_32_BIT_CONVERSION = YES;
				GCC_WARN_ABOUT_RETURN_TYPE = YES_ERROR;
				GCC_WARN_UNDECLARED_SELECTOR = YES;
				GCC_WARN_UNINITIALIZED_AUTOS = YES_AGGRESSIVE;
				GCC_WARN_UNUSED_FUNCTION = YES;
				GCC_WARN_UNUSED_VARIABLE = YES;
				IPHONEOS_DEPLOYMENT_TARGET = 9.2;
				MTL_ENABLE_DEBUG_INFO = NO;
				SDKROOT = iphoneos;
				VALIDATE_PRODUCT = YES;
			};
			name = Release;
		};
		0876076C1D9F50C700DC3085 /* Debug */ = {
			isa = XCBuildConfiguration;
			buildSettings = {
				ASSETCATALOG_COMPILER_APPICON_NAME = AppIcon;
				INFOPLIST_FILE = PlaceHoder/Info.plist;
				LD_RUNPATH_SEARCH_PATHS = "$(inherited) @executable_path/Frameworks";
				PRODUCT_BUNDLE_IDENTIFIER = h.PlaceHoder;
				PRODUCT_NAME = "$(TARGET_NAME)";
			};
			name = Debug;
		};
		0876076D1D9F50C700DC3085 /* Release */ = {
			isa = XCBuildConfiguration;
			buildSettings = {
				ASSETCATALOG_COMPILER_APPICON_NAME = AppIcon;
				INFOPLIST_FILE = PlaceHoder/Info.plist;
				LD_RUNPATH_SEARCH_PATHS = "$(inherited) @executable_path/Frameworks";
				PRODUCT_BUNDLE_IDENTIFIER = h.PlaceHoder;
				PRODUCT_NAME = "$(TARGET_NAME)";
			};
			name = Release;
		};
/* End XCBuildConfiguration section */

/* Begin XCConfigurationList section */
		0876074F1D9F50C700DC3085 /* Build configuration list for PBXProject "PlaceHoder" */ = {
			isa = XCConfigurationList;
			buildConfigurations = (
				087607691D9F50C700DC3085 /* Debug */,
				0876076A1D9F50C700DC3085 /* Release */,
			);
			defaultConfigurationIsVisible = 0;
			defaultConfigurationName = Release;
		};
		0876076B1D9F50C700DC3085 /* Build configuration list for PBXNativeTarget "PlaceHoder" */ = {
			isa = XCConfigurationList;
			buildConfigurations = (
				0876076C1D9F50C700DC3085 /* Debug */,
				0876076D1D9F50C700DC3085 /* Release */,
			);
			defaultConfigurationIsVisible = 0;
		};
/* End XCConfigurationList section */
	};
	rootObject = 0876074C1D9F50C700DC3085 /* Project object */;
}
